// !$*UTF8*$!
{
	archiveVersion = 1;
	classes = {
	};
	objectVersion = 56;
	objects = {

/* Begin PBXBuildFile section */
		20081D772C492C9600F4FF26 /* ContentView.swift in Sources */ = {isa = PBXBuildFile; fileRef = 20081D762C492C9600F4FF26 /* ContentView.swift */; };
		20081D792C492C9800F4FF26 /* Assets.xcassets in Resources */ = {isa = PBXBuildFile; fileRef = 20081D782C492C9800F4FF26 /* Assets.xcassets */; };
		20081D7C2C492C9800F4FF26 /* Preview Assets.xcassets in Resources */ = {isa = PBXBuildFile; fileRef = 20081D7B2C492C9800F4FF26 /* Preview Assets.xcassets */; };
		20081D862C492C9800F4FF26 /* Quiz_App_Example_Simple_Tests.swift in Sources */ = {isa = PBXBuildFile; fileRef = 20081D852C492C9800F4FF26 /* Quiz_App_Example_Simple_Tests.swift */; };
		20081D902C492C9800F4FF26 /* Quiz_App_Example_Simple_UITests.swift in Sources */ = {isa = PBXBuildFile; fileRef = 20081D8F2C492C9800F4FF26 /* Quiz_App_Example_Simple_UITests.swift */; };
		20081D922C492C9800F4FF26 /* Quiz_App_Example_Simple_UITestsLaunchTests.swift in Sources */ = {isa = PBXBuildFile; fileRef = 20081D912C492C9800F4FF26 /* Quiz_App_Example_Simple_UITestsLaunchTests.swift */; };
		20081D9F2C492D5400F4FF26 /* AppDelegate.swift in Sources */ = {isa = PBXBuildFile; fileRef = 20081D9E2C492D5400F4FF26 /* AppDelegate.swift */; };
		20081DA12C492D6A00F4FF26 /* SceneDelegate.swift in Sources */ = {isa = PBXBuildFile; fileRef = 20081DA02C492D6A00F4FF26 /* SceneDelegate.swift */; };
		20081DA42C492D8B00F4FF26 /* Question.swift in Sources */ = {isa = PBXBuildFile; fileRef = 20081DA32C492D8B00F4FF26 /* Question.swift */; };
		20081EB72C495E4300F4FF26 /* StartView.swift in Sources */ = {isa = PBXBuildFile; fileRef = 20081EB62C495E4300F4FF26 /* StartView.swift */; };
/* End PBXBuildFile section */

/* Begin PBXContainerItemProxy section */
		20081D822C492C9800F4FF26 /* PBXContainerItemProxy */ = {
			isa = PBXContainerItemProxy;
			containerPortal = 20081D692C492C9600F4FF26 /* Project object */;
			proxyType = 1;
			remoteGlobalIDString = 20081D702C492C9600F4FF26;
			remoteInfo = "Quiz App Example(Simple)";
		};
		20081D8C2C492C9800F4FF26 /* PBXContainerItemProxy */ = {
			isa = PBXContainerItemProxy;
			containerPortal = 20081D692C492C9600F4FF26 /* Project object */;
			proxyType = 1;
			remoteGlobalIDString = 20081D702C492C9600F4FF26;
			remoteInfo = "Quiz App Example(Simple)";
		};
/* End PBXContainerItemProxy section */

/* Begin PBXFileReference section */
		20081D712C492C9600F4FF26 /* Quiz App Example(Simple).app */ = {isa = PBXFileReference; explicitFileType = wrapper.application; includeInIndex = 0; path = "Quiz App Example(Simple).app"; sourceTree = BUILT_PRODUCTS_DIR; };
		20081D762C492C9600F4FF26 /* ContentView.swift */ = {isa = PBXFileReference; lastKnownFileType = sourcecode.swift; path = ContentView.swift; sourceTree = "<group>"; };
		20081D782C492C9800F4FF26 /* Assets.xcassets */ = {isa = PBXFileReference; lastKnownFileType = folder.assetcatalog; path = Assets.xcassets; sourceTree = "<group>"; };
		20081D7B2C492C9800F4FF26 /* Preview Assets.xcassets */ = {isa = PBXFileReference; lastKnownFileType = folder.assetcatalog; path = "Preview Assets.xcassets"; sourceTree = "<group>"; };
		20081D812C492C9800F4FF26 /* Quiz App Example(Simple)Tests.xctest */ = {isa = PBXFileReference; explicitFileType = wrapper.cfbundle; includeInIndex = 0; path = "Quiz App Example(Simple)Tests.xctest"; sourceTree = BUILT_PRODUCTS_DIR; };
		20081D852C492C9800F4FF26 /* Quiz_App_Example_Simple_Tests.swift */ = {isa = PBXFileReference; lastKnownFileType = sourcecode.swift; path = Quiz_App_Example_Simple_Tests.swift; sourceTree = "<group>"; };
		20081D8B2C492C9800F4FF26 /* Quiz App Example(Simple)UITests.xctest */ = {isa = PBXFileReference; explicitFileType = wrapper.cfbundle; includeInIndex = 0; path = "Quiz App Example(Simple)UITests.xctest"; sourceTree = BUILT_PRODUCTS_DIR; };
		20081D8F2C492C9800F4FF26 /* Quiz_App_Example_Simple_UITests.swift */ = {isa = PBXFileReference; lastKnownFileType = sourcecode.swift; path = Quiz_App_Example_Simple_UITests.swift; sourceTree = "<group>"; };
		20081D912C492C9800F4FF26 /* Quiz_App_Example_Simple_UITestsLaunchTests.swift */ = {isa = PBXFileReference; lastKnownFileType = sourcecode.swift; path = Quiz_App_Example_Simple_UITestsLaunchTests.swift; sourceTree = "<group>"; };
		20081D9E2C492D5400F4FF26 /* AppDelegate.swift */ = {isa = PBXFileReference; lastKnownFileType = sourcecode.swift; path = AppDelegate.swift; sourceTree = "<group>"; };
		20081DA02C492D6A00F4FF26 /* SceneDelegate.swift */ = {isa = PBXFileReference; lastKnownFileType = sourcecode.swift; path = SceneDelegate.swift; sourceTree = "<group>"; };
		20081DA32C492D8B00F4FF26 /* Question.swift */ = {isa = PBXFileReference; lastKnownFileType = sourcecode.swift; path = Question.swift; sourceTree = "<group>"; };
		20081EB62C495E4300F4FF26 /* StartView.swift */ = {isa = PBXFileReference; lastKnownFileType = sourcecode.swift; path = StartView.swift; sourceTree = "<group>"; };
/* End PBXFileReference section */

/* Begin PBXFrameworksBuildPhase section */
		20081D6E2C492C9600F4FF26 /* Frameworks */ = {
			isa = PBXFrameworksBuildPhase;
			buildActionMask = 2147483647;
			files = (
			);
			runOnlyForDeploymentPostprocessing = 0;
		};
		20081D7E2C492C9800F4FF26 /* Frameworks */ = {
			isa = PBXFrameworksBuildPhase;
			buildActionMask = 2147483647;
			files = (
			);
			runOnlyForDeploymentPostprocessing = 0;
		};
		20081D882C492C9800F4FF26 /* Frameworks */ = {
			isa = PBXFrameworksBuildPhase;
			buildActionMask = 2147483647;
			files = (
			);
			runOnlyForDeploymentPostprocessing = 0;
		};
/* End PBXFrameworksBuildPhase section */

/* Begin PBXGroup section */
		20081D682C492C9600F4FF26 = {
			isa = PBXGroup;
			children = (
				20081D732C492C9600F4FF26 /* Quiz App Example(Simple) */,
				20081D842C492C9800F4FF26 /* Quiz App Example(Simple)Tests */,
				20081D8E2C492C9800F4FF26 /* Quiz App Example(Simple)UITests */,
				20081D722C492C9600F4FF26 /* Products */,
			);
			sourceTree = "<group>";
		};
		20081D722C492C9600F4FF26 /* Products */ = {
			isa = PBXGroup;
			children = (
				20081D712C492C9600F4FF26 /* Quiz App Example(Simple).app */,
				20081D812C492C9800F4FF26 /* Quiz App Example(Simple)Tests.xctest */,
				20081D8B2C492C9800F4FF26 /* Quiz App Example(Simple)UITests.xctest */,
			);
			name = Products;
			sourceTree = "<group>";
		};
		20081D732C492C9600F4FF26 /* Quiz App Example(Simple) */ = {
			isa = PBXGroup;
			children = (
				20081DA22C492D7A00F4FF26 /* Models */,
				20081D762C492C9600F4FF26 /* ContentView.swift */,
				20081D782C492C9800F4FF26 /* Assets.xcassets */,
				20081D7A2C492C9800F4FF26 /* Preview Content */,
				20081D9E2C492D5400F4FF26 /* AppDelegate.swift */,
				20081DA02C492D6A00F4FF26 /* SceneDelegate.swift */,
				20081EB62C495E4300F4FF26 /* StartView.swift */,
			);
			path = "Quiz App Example(Simple)";
			sourceTree = "<group>";
		};
		20081D7A2C492C9800F4FF26 /* Preview Content */ = {
			isa = PBXGroup;
			children = (
				20081D7B2C492C9800F4FF26 /* Preview Assets.xcassets */,
			);
			path = "Preview Content";
			sourceTree = "<group>";
		};
		20081D842C492C9800F4FF26 /* Quiz App Example(Simple)Tests */ = {
			isa = PBXGroup;
			children = (
				20081D852C492C9800F4FF26 /* Quiz_App_Example_Simple_Tests.swift */,
			);
			path = "Quiz App Example(Simple)Tests";
			sourceTree = "<group>";
		};
		20081D8E2C492C9800F4FF26 /* Quiz App Example(Simple)UITests */ = {
			isa = PBXGroup;
			children = (
				20081D8F2C492C9800F4FF26 /* Quiz_App_Example_Simple_UITests.swift */,
				20081D912C492C9800F4FF26 /* Quiz_App_Example_Simple_UITestsLaunchTests.swift */,
			);
			path = "Quiz App Example(Simple)UITests";
			sourceTree = "<group>";
		};
		20081DA22C492D7A00F4FF26 /* Models */ = {
			isa = PBXGroup;
			children = (
				20081DA32C492D8B00F4FF26 /* Question.swift */,
			);
			path = Models;
			sourceTree = "<group>";
		};
/* End PBXGroup section */

/* Begin PBXNativeTarget section */
		20081D702C492C9600F4FF26 /* Quiz App Example(Simple) */ = {
			isa = PBXNativeTarget;
			buildConfigurationList = 20081D952C492C9800F4FF26 /* Build configuration list for PBXNativeTarget "Quiz App Example(Simple)" */;
			buildPhases = (
				20081D6D2C492C9600F4FF26 /* Sources */,
				20081D6E2C492C9600F4FF26 /* Frameworks */,
				20081D6F2C492C9600F4FF26 /* Resources */,
			);
			buildRules = (
			);
			dependencies = (
			);
			name = "Quiz App Example(Simple)";
			productName = "Quiz App Example(Simple)";
			productReference = 20081D712C492C9600F4FF26 /* Quiz App Example(Simple).app */;
			productType = "com.apple.product-type.application";
		};
		20081D802C492C9800F4FF26 /* Quiz App Example(Simple)Tests */ = {
			isa = PBXNativeTarget;
			buildConfigurationList = 20081D982C492C9800F4FF26 /* Build configuration list for PBXNativeTarget "Quiz App Example(Simple)Tests" */;
			buildPhases = (
				20081D7D2C492C9800F4FF26 /* Sources */,
				20081D7E2C492C9800F4FF26 /* Frameworks */,
				20081D7F2C492C9800F4FF26 /* Resources */,
			);
			buildRules = (
			);
			dependencies = (
				20081D832C492C9800F4FF26 /* PBXTargetDependency */,
			);
			name = "Quiz App Example(Simple)Tests";
			productName = "Quiz App Example(Simple)Tests";
			productReference = 20081D812C492C9800F4FF26 /* Quiz App Example(Simple)Tests.xctest */;
			productType = "com.apple.product-type.bundle.unit-test";
		};
		20081D8A2C492C9800F4FF26 /* Quiz App Example(Simple)UITests */ = {
			isa = PBXNativeTarget;
			buildConfigurationList = 20081D9B2C492C9800F4FF26 /* Build configuration list for PBXNativeTarget "Quiz App Example(Simple)UITests" */;
			buildPhases = (
				20081D872C492C9800F4FF26 /* Sources */,
				20081D882C492C9800F4FF26 /* Frameworks */,
				20081D892C492C9800F4FF26 /* Resources */,
			);
			buildRules = (
			);
			dependencies = (
				20081D8D2C492C9800F4FF26 /* PBXTargetDependency */,
			);
			name = "Quiz App Example(Simple)UITests";
			productName = "Quiz App Example(Simple)UITests";
			productReference = 20081D8B2C492C9800F4FF26 /* Quiz App Example(Simple)UITests.xctest */;
			productType = "com.apple.product-type.bundle.ui-testing";
		};
/* End PBXNativeTarget section */

/* Begin PBXProject section */
		20081D692C492C9600F4FF26 /* Project object */ = {
			isa = PBXProject;
			attributes = {
				BuildIndependentTargetsInParallel = 1;
				LastSwiftUpdateCheck = 1530;
				LastUpgradeCheck = 1530;
				TargetAttributes = {
					20081D702C492C9600F4FF26 = {
						CreatedOnToolsVersion = 15.3;
					};
					20081D802C492C9800F4FF26 = {
						CreatedOnToolsVersion = 15.3;
						TestTargetID = 20081D702C492C9600F4FF26;
					};
					20081D8A2C492C9800F4FF26 = {
						CreatedOnToolsVersion = 15.3;
						TestTargetID = 20081D702C492C9600F4FF26;
					};
				};
			};
			buildConfigurationList = 20081D6C2C492C9600F4FF26 /* Build configuration list for PBXProject "Quiz App Example(Simple)" */;
			compatibilityVersion = "Xcode 14.0";
			developmentRegion = en;
			hasScannedForEncodings = 0;
			knownRegions = (
				en,
				Base,
			);
			mainGroup = 20081D682C492C9600F4FF26;
			productRefGroup = 20081D722C492C9600F4FF26 /* Products */;
			projectDirPath = "";
			projectRoot = "";
			targets = (
				20081D702C492C9600F4FF26 /* Quiz App Example(Simple) */,
				20081D802C492C9800F4FF26 /* Quiz App Example(Simple)Tests */,
				20081D8A2C492C9800F4FF26 /* Quiz App Example(Simple)UITests */,
			);
		};
/* End PBXProject section */

/* Begin PBXResourcesBuildPhase section */
		20081D6F2C492C9600F4FF26 /* Resources */ = {
			isa = PBXResourcesBuildPhase;
			buildActionMask = 2147483647;
			files = (
				20081D7C2C492C9800F4FF26 /* Preview Assets.xcassets in Resources */,
				20081D792C492C9800F4FF26 /* Assets.xcassets in Resources */,
			);
			runOnlyForDeploymentPostprocessing = 0;
		};
		20081D7F2C492C9800F4FF26 /* Resources */ = {
			isa = PBXResourcesBuildPhase;
			buildActionMask = 2147483647;
			files = (
			);
			runOnlyForDeploymentPostprocessing = 0;
		};
		20081D892C492C9800F4FF26 /* Resources */ = {
			isa = PBXResourcesBuildPhase;
			buildActionMask = 2147483647;
			files = (
			);
			runOnlyForDeploymentPostprocessing = 0;
		};
/* End PBXResourcesBuildPhase section */

/* Begin PBXSourcesBuildPhase section */
		20081D6D2C492C9600F4FF26 /* Sources */ = {
			isa = PBXSourcesBuildPhase;
			buildActionMask = 2147483647;
			files = (
				20081D9F2C492D5400F4FF26 /* AppDelegate.swift in Sources */,
				20081EB72C495E4300F4FF26 /* StartView.swift in Sources */,
				20081DA42C492D8B00F4FF26 /* Question.swift in Sources */,
				20081D772C492C9600F4FF26 /* ContentView.swift in Sources */,
				20081DA12C492D6A00F4FF26 /* SceneDelegate.swift in Sources */,
			);
			runOnlyForDeploymentPostprocessing = 0;
		};
		20081D7D2C492C9800F4FF26 /* Sources */ = {
			isa = PBXSourcesBuildPhase;
			buildActionMask = 2147483647;
			files = (
				20081D862C492C9800F4FF26 /* Quiz_App_Example_Simple_Tests.swift in Sources */,
			);
			runOnlyForDeploymentPostprocessing = 0;
		};
		20081D872C492C9800F4FF26 /* Sources */ = {
			isa = PBXSourcesBuildPhase;
			buildActionMask = 2147483647;
			files = (
				20081D922C492C9800F4FF26 /* Quiz_App_Example_Simple_UITestsLaunchTests.swift in Sources */,
				20081D902C492C9800F4FF26 /* Quiz_App_Example_Simple_UITests.swift in Sources */,
			);
			runOnlyForDeploymentPostprocessing = 0;
		};
/* End PBXSourcesBuildPhase section */

/* Begin PBXTargetDependency section */
		20081D832C492C9800F4FF26 /* PBXTargetDependency */ = {
			isa = PBXTargetDependency;
			target = 20081D702C492C9600F4FF26 /* Quiz App Example(Simple) */;
			targetProxy = 20081D822C492C9800F4FF26 /* PBXContainerItemProxy */;
		};
		20081D8D2C492C9800F4FF26 /* PBXTargetDependency */ = {
			isa = PBXTargetDependency;
			target = 20081D702C492C9600F4FF26 /* Quiz App Example(Simple) */;
			targetProxy = 20081D8C2C492C9800F4FF26 /* PBXContainerItemProxy */;
		};
/* End PBXTargetDependency section */

/* Begin XCBuildConfiguration section */
		20081D932C492C9800F4FF26 /* Debug */ = {
			isa = XCBuildConfiguration;
			buildSettings = {
				ALWAYS_SEARCH_USER_PATHS = NO;
				ASSETCATALOG_COMPILER_GENERATE_SWIFT_ASSET_SYMBOL_EXTENSIONS = YES;
				CLANG_ANALYZER_NONNULL = YES;
				CLANG_ANALYZER_NUMBER_OBJECT_CONVERSION = YES_AGGRESSIVE;
				CLANG_CXX_LANGUAGE_STANDARD = "gnu++20";
				CLANG_ENABLE_MODULES = YES;
				CLANG_ENABLE_OBJC_ARC = YES;
				CLANG_ENABLE_OBJC_WEAK = YES;
				CLANG_WARN_BLOCK_CAPTURE_AUTORELEASING = YES;
				CLANG_WARN_BOOL_CONVERSION = YES;
				CLANG_WARN_COMMA = YES;
				CLANG_WARN_CONSTANT_CONVERSION = YES;
				CLANG_WARN_DEPRECATED_OBJC_IMPLEMENTATIONS = YES;
				CLANG_WARN_DIRECT_OBJC_ISA_USAGE = YES_ERROR;
				CLANG_WARN_DOCUMENTATION_COMMENTS = YES;
				CLANG_WARN_EMPTY_BODY = YES;
				CLANG_WARN_ENUM_CONVERSION = YES;
				CLANG_WARN_INFINITE_RECURSION = YES;
				CLANG_WARN_INT_CONVERSION = YES;
				CLANG_WARN_NON_LITERAL_NULL_CONVERSION = YES;
				CLANG_WARN_OBJC_IMPLICIT_RETAIN_SELF = YES;
				CLANG_WARN_OBJC_LITERAL_CONVERSION = YES;
				CLANG_WARN_OBJC_ROOT_CLASS = YES_ERROR;
				CLANG_WARN_QUOTED_INCLUDE_IN_FRAMEWORK_HEADER = YES;
				CLANG_WARN_RANGE_LOOP_ANALYSIS = YES;
				CLANG_WARN_STRICT_PROTOTYPES = YES;
				CLANG_WARN_SUSPICIOUS_MOVE = YES;
				CLANG_WARN_UNGUARDED_AVAILABILITY = YES_AGGRESSIVE;
				CLANG_WARN_UNREACHABLE_CODE = YES;
				CLANG_WARN__DUPLICATE_METHOD_MATCH = YES;
				COPY_PHASE_STRIP = NO;
				DEBUG_INFORMATION_FORMAT = dwarf;
				ENABLE_STRICT_OBJC_MSGSEND = YES;
				ENABLE_TESTABILITY = YES;
				ENABLE_USER_SCRIPT_SANDBOXING = YES;
				GCC_C_LANGUAGE_STANDARD = gnu17;
				GCC_DYNAMIC_NO_PIC = NO;
				GCC_NO_COMMON_BLOCKS = YES;
				GCC_OPTIMIZATION_LEVEL = 0;
				GCC_PREPROCESSOR_DEFINITIONS = (
					"DEBUG=1",
					"$(inherited)",
				);
				GCC_WARN_64_TO_32_BIT_CONVERSION = YES;
				GCC_WARN_ABOUT_RETURN_TYPE = YES_ERROR;
				GCC_WARN_UNDECLARED_SELECTOR = YES;
				GCC_WARN_UNINITIALIZED_AUTOS = YES_AGGRESSIVE;
				GCC_WARN_UNUSED_FUNCTION = YES;
				GCC_WARN_UNUSED_VARIABLE = YES;
				IPHONEOS_DEPLOYMENT_TARGET = 17.4;
				LOCALIZATION_PREFERS_STRING_CATALOGS = YES;
				MTL_ENABLE_DEBUG_INFO = INCLUDE_SOURCE;
				MTL_FAST_MATH = YES;
				ONLY_ACTIVE_ARCH = YES;
				SDKROOT = iphoneos;
				SWIFT_ACTIVE_COMPILATION_CONDITIONS = "DEBUG $(inherited)";
				SWIFT_OPTIMIZATION_LEVEL = "-Onone";
			};
			name = Debug;
		};
		20081D942C492C9800F4FF26 /* Release */ = {
			isa = XCBuildConfiguration;
			buildSettings = {
				ALWAYS_SEARCH_USER_PATHS = NO;
				ASSETCATALOG_COMPILER_GENERATE_SWIFT_ASSET_SYMBOL_EXTENSIONS = YES;
				CLANG_ANALYZER_NONNULL = YES;
				CLANG_ANALYZER_NUMBER_OBJECT_CONVERSION = YES_AGGRESSIVE;
				CLANG_CXX_LANGUAGE_STANDARD = "gnu++20";
				CLANG_ENABLE_MODULES = YES;
				CLANG_ENABLE_OBJC_ARC = YES;
				CLANG_ENABLE_OBJC_WEAK = YES;
				CLANG_WARN_BLOCK_CAPTURE_AUTORELEASING = YES;
				CLANG_WARN_BOOL_CONVERSION = YES;
				CLANG_WARN_COMMA = YES;
				CLANG_WARN_CONSTANT_CONVERSION = YES;
				CLANG_WARN_DEPRECATED_OBJC_IMPLEMENTATIONS = YES;
				CLANG_WARN_DIRECT_OBJC_ISA_USAGE = YES_ERROR;
				CLANG_WARN_DOCUMENTATION_COMMENTS = YES;
				CLANG_WARN_EMPTY_BODY = YES;
				CLANG_WARN_ENUM_CONVERSION = YES;
				CLANG_WARN_INFINITE_RECURSION = YES;
				CLANG_WARN_INT_CONVERSION = YES;
				CLANG_WARN_NON_LITERAL_NULL_CONVERSION = YES;
				CLANG_WARN_OBJC_IMPLICIT_RETAIN_SELF = YES;
				CLANG_WARN_OBJC_LITERAL_CONVERSION = YES;
				CLANG_WARN_OBJC_ROOT_CLASS = YES_ERROR;
				CLANG_WARN_QUOTED_INCLUDE_IN_FRAMEWORK_HEADER = YES;
				CLANG_WARN_RANGE_LOOP_ANALYSIS = YES;
				CLANG_WARN_STRICT_PROTOTYPES = YES;
				CLANG_WARN_SUSPICIOUS_MOVE = YES;
				CLANG_WARN_UNGUARDED_AVAILABILITY = YES_AGGRESSIVE;
				CLANG_WARN_UNREACHABLE_CODE = YES;
				CLANG_WARN__DUPLICATE_METHOD_MATCH = YES;
				COPY_PHASE_STRIP = NO;
				DEBUG_INFORMATION_FORMAT = "dwarf-with-dsym";
				ENABLE_NS_ASSERTIONS = NO;
				ENABLE_STRICT_OBJC_MSGSEND = YES;
				ENABLE_USER_SCRIPT_SANDBOXING = YES;
				GCC_C_LANGUAGE_STANDARD = gnu17;
				GCC_NO_COMMON_BLOCKS = YES;
				GCC_WARN_64_TO_32_BIT_CONVERSION = YES;
				GCC_WARN_ABOUT_RETURN_TYPE = YES_ERROR;
				GCC_WARN_UNDECLARED_SELECTOR = YES;
				GCC_WARN_UNINITIALIZED_AUTOS = YES_AGGRESSIVE;
				GCC_WARN_UNUSED_FUNCTION = YES;
				GCC_WARN_UNUSED_VARIABLE = YES;
				IPHONEOS_DEPLOYMENT_TARGET = 17.4;
				LOCALIZATION_PREFERS_STRING_CATALOGS = YES;
				MTL_ENABLE_DEBUG_INFO = NO;
				MTL_FAST_MATH = YES;
				SDKROOT = iphoneos;
				SWIFT_COMPILATION_MODE = wholemodule;
				VALIDATE_PRODUCT = YES;
			};
			name = Release;
		};
		20081D962C492C9800F4FF26 /* Debug */ = {
			isa = XCBuildConfiguration;
			buildSettings = {
				ASSETCATALOG_COMPILER_APPICON_NAME = AppIcon;
				ASSETCATALOG_COMPILER_GLOBAL_ACCENT_COLOR_NAME = AccentColor;
				CODE_SIGN_STYLE = Automatic;
				CURRENT_PROJECT_VERSION = 1;
				DEVELOPMENT_ASSET_PATHS = "\"Quiz App Example(Simple)/Preview Content\"";
				ENABLE_PREVIEWS = YES;
				GENERATE_INFOPLIST_FILE = YES;
				INFOPLIST_KEY_UIApplicationSceneManifest_Generation = YES;
				INFOPLIST_KEY_UIApplicationSupportsIndirectInputEvents = YES;
				INFOPLIST_KEY_UILaunchScreen_Generation = YES;
				INFOPLIST_KEY_UISupportedInterfaceOrientations_iPad = "UIInterfaceOrientationPortrait UIInterfaceOrientationPortraitUpsideDown UIInterfaceOrientationLandscapeLeft UIInterfaceOrientationLandscapeRight";
				INFOPLIST_KEY_UISupportedInterfaceOrientations_iPhone = "UIInterfaceOrientationPortrait UIInterfaceOrientationLandscapeLeft UIInterfaceOrientationLandscapeRight";
				LD_RUNPATH_SEARCH_PATHS = (
					"$(inherited)",
					"@executable_path/Frameworks",
				);
				MARKETING_VERSION = 1.0;
				PRODUCT_BUNDLE_IDENTIFIER = "knln.Quiz-App-Example-Simple-";
				PRODUCT_NAME = "$(TARGET_NAME)";
				SWIFT_EMIT_LOC_STRINGS = YES;
				SWIFT_VERSION = 5.0;
				TARGETED_DEVICE_FAMILY = "1,2";
			};
			name = Debug;
		};
		20081D972C492C9800F4FF26 /* Release */ = {
			isa = XCBuildConfiguration;
			buildSettings = {
				ASSETCATALOG_COMPILER_APPICON_NAME = AppIcon;
				ASSETCATALOG_COMPILER_GLOBAL_ACCENT_COLOR_NAME = AccentColor;
				CODE_SIGN_STYLE = Automatic;
				CURRENT_PROJECT_VERSION = 1;
				DEVELOPMENT_ASSET_PATHS = "\"Quiz App Example(Simple)/Preview Content\"";
				ENABLE_PREVIEWS = YES;
				GENERATE_INFOPLIST_FILE = YES;
				INFOPLIST_KEY_UIApplicationSceneManifest_Generation = YES;
				INFOPLIST_KEY_UIApplicationSupportsIndirectInputEvents = YES;
				INFOPLIST_KEY_UILaunchScreen_Generation = YES;
				INFOPLIST_KEY_UISupportedInterfaceOrientations_iPad = "UIInterfaceOrientationPortrait UIInterfaceOrientationPortraitUpsideDown UIInterfaceOrientationLandscapeLeft UIInterfaceOrientationLandscapeRight";
				INFOPLIST_KEY_UISupportedInterfaceOrientations_iPhone = "UIInterfaceOrientationPortrait UIInterfaceOrientationLandscapeLeft UIInterfaceOrientationLandscapeRight";
				LD_RUNPATH_SEARCH_PATHS = (
					"$(inherited)",
					"@executable_path/Frameworks",
				);
				MARKETING_VERSION = 1.0;
				PRODUCT_BUNDLE_IDENTIFIER = "knln.Quiz-App-Example-Simple-";
				PRODUCT_NAME = "$(TARGET_NAME)";
				SWIFT_EMIT_LOC_STRINGS = YES;
				SWIFT_VERSION = 5.0;
				TARGETED_DEVICE_FAMILY = "1,2";
			};
			name = Release;
		};
		20081D992C492C9800F4FF26 /* Debug */ = {
			isa = XCBuildConfiguration;
			buildSettings = {
				ALWAYS_EMBED_SWIFT_STANDARD_LIBRARIES = YES;
				BUNDLE_LOADER = "$(TEST_HOST)";
				CODE_SIGN_STYLE = Automatic;
				CURRENT_PROJECT_VERSION = 1;
				GENERATE_INFOPLIST_FILE = YES;
				IPHONEOS_DEPLOYMENT_TARGET = 17.4;
				MARKETING_VERSION = 1.0;
				PRODUCT_BUNDLE_IDENTIFIER = "knln.Quiz-App-Example-Simple-Tests";
				PRODUCT_NAME = "$(TARGET_NAME)";
				SWIFT_EMIT_LOC_STRINGS = NO;
				SWIFT_VERSION = 5.0;
				TARGETED_DEVICE_FAMILY = "1,2";
				TEST_HOST = "$(BUILT_PRODUCTS_DIR)/Quiz App Example(Simple).app/$(BUNDLE_EXECUTABLE_FOLDER_PATH)/Quiz App Example(Simple)";
			};
			name = Debug;
		};
		20081D9A2C492C9800F4FF26 /* Release */ = {
			isa = XCBuildConfiguration;
			buildSettings = {
				ALWAYS_EMBED_SWIFT_STANDARD_LIBRARIES = YES;
				BUNDLE_LOADER = "$(TEST_HOST)";
				CODE_SIGN_STYLE = Automatic;
				CURRENT_PROJECT_VERSION = 1;
				GENERATE_INFOPLIST_FILE = YES;
				IPHONEOS_DEPLOYMENT_TARGET = 17.4;
				MARKETING_VERSION = 1.0;
				PRODUCT_BUNDLE_IDENTIFIER = "knln.Quiz-App-Example-Simple-Tests";
				PRODUCT_NAME = "$(TARGET_NAME)";
				SWIFT_EMIT_LOC_STRINGS = NO;
				SWIFT_VERSION = 5.0;
				TARGETED_DEVICE_FAMILY = "1,2";
				TEST_HOST = "$(BUILT_PRODUCTS_DIR)/Quiz App Example(Simple).app/$(BUNDLE_EXECUTABLE_FOLDER_PATH)/Quiz App Example(Simple)";
			};
			name = Release;
		};
		20081D9C2C492C9800F4FF26 /* Debug */ = {
			isa = XCBuildConfiguration;
			buildSettings = {
				ALWAYS_EMBED_SWIFT_STANDARD_LIBRARIES = YES;
				CODE_SIGN_STYLE = Automatic;
				CURRENT_PROJECT_VERSION = 1;
				GENERATE_INFOPLIST_FILE = YES;
				MARKETING_VERSION = 1.0;
				PRODUCT_BUNDLE_IDENTIFIER = "knln.Quiz-App-Example-Simple-UITests";
				PRODUCT_NAME = "$(TARGET_NAME)";
				SWIFT_EMIT_LOC_STRINGS = NO;
				SWIFT_VERSION = 5.0;
				TARGETED_DEVICE_FAMILY = "1,2";
				TEST_TARGET_NAME = "Quiz App Example(Simple)";
			};
			name = Debug;
		};
		20081D9D2C492C9800F4FF26 /* Release */ = {
			isa = XCBuildConfiguration;
			buildSettings = {
				ALWAYS_EMBED_SWIFT_STANDARD_LIBRARIES = YES;
				CODE_SIGN_STYLE = Automatic;
				CURRENT_PROJECT_VERSION = 1;
				GENERATE_INFOPLIST_FILE = YES;
				MARKETING_VERSION = 1.0;
				PRODUCT_BUNDLE_IDENTIFIER = "knln.Quiz-App-Example-Simple-UITests";
				PRODUCT_NAME = "$(TARGET_NAME)";
				SWIFT_EMIT_LOC_STRINGS = NO;
				SWIFT_VERSION = 5.0;
				TARGETED_DEVICE_FAMILY = "1,2";
				TEST_TARGET_NAME = "Quiz App Example(Simple)";
			};
			name = Release;
		};
/* End XCBuildConfiguration section */

/* Begin XCConfigurationList section */
		20081D6C2C492C9600F4FF26 /* Build configuration list for PBXProject "Quiz App Example(Simple)" */ = {
			isa = XCConfigurationList;
			buildConfigurations = (
				20081D932C492C9800F4FF26 /* Debug */,
				20081D942C492C9800F4FF26 /* Release */,
			);
			defaultConfigurationIsVisible = 0;
			defaultConfigurationName = Release;
		};
		20081D952C492C9800F4FF26 /* Build configuration list for PBXNativeTarget "Quiz App Example(Simple)" */ = {
			isa = XCConfigurationList;
			buildConfigurations = (
				20081D962C492C9800F4FF26 /* Debug */,
				20081D972C492C9800F4FF26 /* Release */,
			);
			defaultConfigurationIsVisible = 0;
			defaultConfigurationName = Release;
		};
		20081D982C492C9800F4FF26 /* Build configuration list for PBXNativeTarget "Quiz App Example(Simple)Tests" */ = {
			isa = XCConfigurationList;
			buildConfigurations = (
				20081D992C492C9800F4FF26 /* Debug */,
				20081D9A2C492C9800F4FF26 /* Release */,
			);
			defaultConfigurationIsVisible = 0;
			defaultConfigurationName = Release;
		};
		20081D9B2C492C9800F4FF26 /* Build configuration list for PBXNativeTarget "Quiz App Example(Simple)UITests" */ = {
			isa = XCConfigurationList;
			buildConfigurations = (
				20081D9C2C492C9800F4FF26 /* Debug */,
				20081D9D2C492C9800F4FF26 /* Release */,
			);
			defaultConfigurationIsVisible = 0;
			defaultConfigurationName = Release;
		};
/* End XCConfigurationList section */
	};
	rootObject = 20081D692C492C9600F4FF26 /* Project object */;
}
