// !$*UTF8*$!
{
	archiveVersion = 1;
	classes = {
	};
	objectVersion = 56;
	objects = {

/* Begin PBXBuildFile section */
		20C588E32C4A6A8500CF0748 /* Assets.xcassets in Resources */ = {isa = PBXBuildFile; fileRef = 20C588E22C4A6A8500CF0748 /* Assets.xcassets */; };
		20C588E62C4A6A8500CF0748 /* Preview Assets.xcassets in Resources */ = {isa = PBXBuildFile; fileRef = 20C588E52C4A6A8500CF0748 /* Preview Assets.xcassets */; };
		20C588F02C4A6A8500CF0748 /* KickBox_AppTests.swift in Sources */ = {isa = PBXBuildFile; fileRef = 20C588EF2C4A6A8500CF0748 /* KickBox_AppTests.swift */; };
		20C588FA2C4A6A8600CF0748 /* KickBox_AppUITests.swift in Sources */ = {isa = PBXBuildFile; fileRef = 20C588F92C4A6A8600CF0748 /* KickBox_AppUITests.swift */; };
		20C588FC2C4A6A8600CF0748 /* KickBox_AppUITestsLaunchTests.swift in Sources */ = {isa = PBXBuildFile; fileRef = 20C588FB2C4A6A8600CF0748 /* KickBox_AppUITestsLaunchTests.swift */; };
		20C589132C4A6CEA00CF0748 /* KickBoxApp.swift in Sources */ = {isa = PBXBuildFile; fileRef = 20C589122C4A6CEA00CF0748 /* KickBoxApp.swift */; };
		20C589152C4A6D0400CF0748 /* ContentView.swift in Sources */ = {isa = PBXBuildFile; fileRef = 20C589142C4A6D0400CF0748 /* ContentView.swift */; };
		20C589172C4A6D1400CF0748 /* MovementDetailView.swift in Sources */ = {isa = PBXBuildFile; fileRef = 20C589162C4A6D1400CF0748 /* MovementDetailView.swift */; };
		20C589192C4A6DC200CF0748 /* Movement.swift in Sources */ = {isa = PBXBuildFile; fileRef = 20C589182C4A6DC200CF0748 /* Movement.swift */; };
		20C5891B2C4A714100CF0748 /* WebView.swift in Sources */ = {isa = PBXBuildFile; fileRef = 20C5891A2C4A714100CF0748 /* WebView.swift */; };
/* End PBXBuildFile section */

/* Begin PBXContainerItemProxy section */
		20C588EC2C4A6A8500CF0748 /* PBXContainerItemProxy */ = {
			isa = PBXContainerItemProxy;
			containerPortal = 20C588D32C4A6A8400CF0748 /* Project object */;
			proxyType = 1;
			remoteGlobalIDString = 20C588DA2C4A6A8400CF0748;
			remoteInfo = "KickBox App";
		};
		20C588F62C4A6A8600CF0748 /* PBXContainerItemProxy */ = {
			isa = PBXContainerItemProxy;
			containerPortal = 20C588D32C4A6A8400CF0748 /* Project object */;
			proxyType = 1;
			remoteGlobalIDString = 20C588DA2C4A6A8400CF0748;
			remoteInfo = "KickBox App";
		};
/* End PBXContainerItemProxy section */

/* Begin PBXFileReference section */
		20C588DB2C4A6A8400CF0748 /* KickBox App.app */ = {isa = PBXFileReference; explicitFileType = wrapper.application; includeInIndex = 0; path = "KickBox App.app"; sourceTree = BUILT_PRODUCTS_DIR; };
		20C588E22C4A6A8500CF0748 /* Assets.xcassets */ = {isa = PBXFileReference; lastKnownFileType = folder.assetcatalog; path = Assets.xcassets; sourceTree = "<group>"; };
		20C588E52C4A6A8500CF0748 /* Preview Assets.xcassets */ = {isa = PBXFileReference; lastKnownFileType = folder.assetcatalog; path = "Preview Assets.xcassets"; sourceTree = "<group>"; };
		20C588EB2C4A6A8500CF0748 /* KickBox AppTests.xctest */ = {isa = PBXFileReference; explicitFileType = wrapper.cfbundle; includeInIndex = 0; path = "KickBox AppTests.xctest"; sourceTree = BUILT_PRODUCTS_DIR; };
		20C588EF2C4A6A8500CF0748 /* KickBox_AppTests.swift */ = {isa = PBXFileReference; lastKnownFileType = sourcecode.swift; path = KickBox_AppTests.swift; sourceTree = "<group>"; };
		20C588F52C4A6A8600CF0748 /* KickBox AppUITests.xctest */ = {isa = PBXFileReference; explicitFileType = wrapper.cfbundle; includeInIndex = 0; path = "KickBox AppUITests.xctest"; sourceTree = BUILT_PRODUCTS_DIR; };
		20C588F92C4A6A8600CF0748 /* KickBox_AppUITests.swift */ = {isa = PBXFileReference; lastKnownFileType = sourcecode.swift; path = KickBox_AppUITests.swift; sourceTree = "<group>"; };
		20C588FB2C4A6A8600CF0748 /* KickBox_AppUITestsLaunchTests.swift */ = {isa = PBXFileReference; lastKnownFileType = sourcecode.swift; path = KickBox_AppUITestsLaunchTests.swift; sourceTree = "<group>"; };
		20C589122C4A6CEA00CF0748 /* KickBoxApp.swift */ = {isa = PBXFileReference; lastKnownFileType = sourcecode.swift; path = KickBoxApp.swift; sourceTree = "<group>"; };
		20C589142C4A6D0400CF0748 /* ContentView.swift */ = {isa = PBXFileReference; lastKnownFileType = sourcecode.swift; path = ContentView.swift; sourceTree = "<group>"; };
		20C589162C4A6D1400CF0748 /* MovementDetailView.swift */ = {isa = PBXFileReference; lastKnownFileType = sourcecode.swift; path = MovementDetailView.swift; sourceTree = "<group>"; };
		20C589182C4A6DC200CF0748 /* Movement.swift */ = {isa = PBXFileReference; lastKnownFileType = sourcecode.swift; path = Movement.swift; sourceTree = "<group>"; };
		20C5891A2C4A714100CF0748 /* WebView.swift */ = {isa = PBXFileReference; lastKnownFileType = sourcecode.swift; path = WebView.swift; sourceTree = "<group>"; };
/* End PBXFileReference section */

/* Begin PBXFrameworksBuildPhase section */
		20C588D82C4A6A8400CF0748 /* Frameworks */ = {
			isa = PBXFrameworksBuildPhase;
			buildActionMask = 2147483647;
			files = (
			);
			runOnlyForDeploymentPostprocessing = 0;
		};
		20C588E82C4A6A8500CF0748 /* Frameworks */ = {
			isa = PBXFrameworksBuildPhase;
			buildActionMask = 2147483647;
			files = (
			);
			runOnlyForDeploymentPostprocessing = 0;
		};
		20C588F22C4A6A8600CF0748 /* Frameworks */ = {
			isa = PBXFrameworksBuildPhase;
			buildActionMask = 2147483647;
			files = (
			);
			runOnlyForDeploymentPostprocessing = 0;
		};
/* End PBXFrameworksBuildPhase section */

/* Begin PBXGroup section */
		20C588D22C4A6A8400CF0748 = {
			isa = PBXGroup;
			children = (
				20C588DD2C4A6A8400CF0748 /* KickBox App */,
				20C588EE2C4A6A8500CF0748 /* KickBox AppTests */,
				20C588F82C4A6A8600CF0748 /* KickBox AppUITests */,
				20C588DC2C4A6A8400CF0748 /* Products */,
			);
			sourceTree = "<group>";
		};
		20C588DC2C4A6A8400CF0748 /* Products */ = {
			isa = PBXGroup;
			children = (
				20C588DB2C4A6A8400CF0748 /* KickBox App.app */,
				20C588EB2C4A6A8500CF0748 /* KickBox AppTests.xctest */,
				20C588F52C4A6A8600CF0748 /* KickBox AppUITests.xctest */,
			);
			name = Products;
			sourceTree = "<group>";
		};
		20C588DD2C4A6A8400CF0748 /* KickBox App */ = {
			isa = PBXGroup;
			children = (
				20C589122C4A6CEA00CF0748 /* KickBoxApp.swift */,
				20C588E22C4A6A8500CF0748 /* Assets.xcassets */,
				20C588E42C4A6A8500CF0748 /* Preview Content */,
				20C589142C4A6D0400CF0748 /* ContentView.swift */,
				20C589162C4A6D1400CF0748 /* MovementDetailView.swift */,
				20C589182C4A6DC200CF0748 /* Movement.swift */,
				20C5891A2C4A714100CF0748 /* WebView.swift */,
			);
			path = "KickBox App";
			sourceTree = "<group>";
		};
		20C588E42C4A6A8500CF0748 /* Preview Content */ = {
			isa = PBXGroup;
			children = (
				20C588E52C4A6A8500CF0748 /* Preview Assets.xcassets */,
			);
			path = "Preview Content";
			sourceTree = "<group>";
		};
		20C588EE2C4A6A8500CF0748 /* KickBox AppTests */ = {
			isa = PBXGroup;
			children = (
				20C588EF2C4A6A8500CF0748 /* KickBox_AppTests.swift */,
			);
			path = "KickBox AppTests";
			sourceTree = "<group>";
		};
		20C588F82C4A6A8600CF0748 /* KickBox AppUITests */ = {
			isa = PBXGroup;
			children = (
				20C588F92C4A6A8600CF0748 /* KickBox_AppUITests.swift */,
				20C588FB2C4A6A8600CF0748 /* KickBox_AppUITestsLaunchTests.swift */,
			);
			path = "KickBox AppUITests";
			sourceTree = "<group>";
		};
/* End PBXGroup section */

/* Begin PBXNativeTarget section */
		20C588DA2C4A6A8400CF0748 /* KickBox App */ = {
			isa = PBXNativeTarget;
			buildConfigurationList = 20C588FF2C4A6A8600CF0748 /* Build configuration list for PBXNativeTarget "KickBox App" */;
			buildPhases = (
				20C588D72C4A6A8400CF0748 /* Sources */,
				20C588D82C4A6A8400CF0748 /* Frameworks */,
				20C588D92C4A6A8400CF0748 /* Resources */,
			);
			buildRules = (
			);
			dependencies = (
			);
			name = "KickBox App";
			productName = "KickBox App";
			productReference = 20C588DB2C4A6A8400CF0748 /* KickBox App.app */;
			productType = "com.apple.product-type.application";
		};
		20C588EA2C4A6A8500CF0748 /* KickBox AppTests */ = {
			isa = PBXNativeTarget;
			buildConfigurationList = 20C589022C4A6A8600CF0748 /* Build configuration list for PBXNativeTarget "KickBox AppTests" */;
			buildPhases = (
				20C588E72C4A6A8500CF0748 /* Sources */,
				20C588E82C4A6A8500CF0748 /* Frameworks */,
				20C588E92C4A6A8500CF0748 /* Resources */,
			);
			buildRules = (
			);
			dependencies = (
				20C588ED2C4A6A8500CF0748 /* PBXTargetDependency */,
			);
			name = "KickBox AppTests";
			productName = "KickBox AppTests";
			productReference = 20C588EB2C4A6A8500CF0748 /* KickBox AppTests.xctest */;
			productType = "com.apple.product-type.bundle.unit-test";
		};
		20C588F42C4A6A8600CF0748 /* KickBox AppUITests */ = {
			isa = PBXNativeTarget;
			buildConfigurationList = 20C589052C4A6A8600CF0748 /* Build configuration list for PBXNativeTarget "KickBox AppUITests" */;
			buildPhases = (
				20C588F12C4A6A8600CF0748 /* Sources */,
				20C588F22C4A6A8600CF0748 /* Frameworks */,
				20C588F32C4A6A8600CF0748 /* Resources */,
			);
			buildRules = (
			);
			dependencies = (
				20C588F72C4A6A8600CF0748 /* PBXTargetDependency */,
			);
			name = "KickBox AppUITests";
			productName = "KickBox AppUITests";
			productReference = 20C588F52C4A6A8600CF0748 /* KickBox AppUITests.xctest */;
			productType = "com.apple.product-type.bundle.ui-testing";
		};
/* End PBXNativeTarget section */

/* Begin PBXProject section */
		20C588D32C4A6A8400CF0748 /* Project object */ = {
			isa = PBXProject;
			attributes = {
				BuildIndependentTargetsInParallel = 1;
				LastSwiftUpdateCheck = 1530;
				LastUpgradeCheck = 1530;
				TargetAttributes = {
					20C588DA2C4A6A8400CF0748 = {
						CreatedOnToolsVersion = 15.3;
						LastSwiftMigration = 1530;
					};
					20C588EA2C4A6A8500CF0748 = {
						CreatedOnToolsVersion = 15.3;
						TestTargetID = 20C588DA2C4A6A8400CF0748;
					};
					20C588F42C4A6A8600CF0748 = {
						CreatedOnToolsVersion = 15.3;
						TestTargetID = 20C588DA2C4A6A8400CF0748;
					};
				};
			};
			buildConfigurationList = 20C588D62C4A6A8400CF0748 /* Build configuration list for PBXProject "KickBox App" */;
			compatibilityVersion = "Xcode 14.0";
			developmentRegion = en;
			hasScannedForEncodings = 0;
			knownRegions = (
				en,
				Base,
			);
			mainGroup = 20C588D22C4A6A8400CF0748;
			productRefGroup = 20C588DC2C4A6A8400CF0748 /* Products */;
			projectDirPath = "";
			projectRoot = "";
			targets = (
				20C588DA2C4A6A8400CF0748 /* KickBox App */,
				20C588EA2C4A6A8500CF0748 /* KickBox AppTests */,
				20C588F42C4A6A8600CF0748 /* KickBox AppUITests */,
			);
		};
/* End PBXProject section */

/* Begin PBXResourcesBuildPhase section */
		20C588D92C4A6A8400CF0748 /* Resources */ = {
			isa = PBXResourcesBuildPhase;
			buildActionMask = 2147483647;
			files = (
				20C588E62C4A6A8500CF0748 /* Preview Assets.xcassets in Resources */,
				20C588E32C4A6A8500CF0748 /* Assets.xcassets in Resources */,
			);
			runOnlyForDeploymentPostprocessing = 0;
		};
		20C588E92C4A6A8500CF0748 /* Resources */ = {
			isa = PBXResourcesBuildPhase;
			buildActionMask = 2147483647;
			files = (
			);
			runOnlyForDeploymentPostprocessing = 0;
		};
		20C588F32C4A6A8600CF0748 /* Resources */ = {
			isa = PBXResourcesBuildPhase;
			buildActionMask = 2147483647;
			files = (
			);
			runOnlyForDeploymentPostprocessing = 0;
		};
/* End PBXResourcesBuildPhase section */

/* Begin PBXSourcesBuildPhase section */
		20C588D72C4A6A8400CF0748 /* Sources */ = {
			isa = PBXSourcesBuildPhase;
			buildActionMask = 2147483647;
			files = (
				20C589192C4A6DC200CF0748 /* Movement.swift in Sources */,
				20C5891B2C4A714100CF0748 /* WebView.swift in Sources */,
				20C589152C4A6D0400CF0748 /* ContentView.swift in Sources */,
				20C589172C4A6D1400CF0748 /* MovementDetailView.swift in Sources */,
				20C589132C4A6CEA00CF0748 /* KickBoxApp.swift in Sources */,
			);
			runOnlyForDeploymentPostprocessing = 0;
		};
		20C588E72C4A6A8500CF0748 /* Sources */ = {
			isa = PBXSourcesBuildPhase;
			buildActionMask = 2147483647;
			files = (
				20C588F02C4A6A8500CF0748 /* KickBox_AppTests.swift in Sources */,
			);
			runOnlyForDeploymentPostprocessing = 0;
		};
		20C588F12C4A6A8600CF0748 /* Sources */ = {
			isa = PBXSourcesBuildPhase;
			buildActionMask = 2147483647;
			files = (
				20C588FC2C4A6A8600CF0748 /* KickBox_AppUITestsLaunchTests.swift in Sources */,
				20C588FA2C4A6A8600CF0748 /* KickBox_AppUITests.swift in Sources */,
			);
			runOnlyForDeploymentPostprocessing = 0;
		};
/* End PBXSourcesBuildPhase section */

/* Begin PBXTargetDependency section */
		20C588ED2C4A6A8500CF0748 /* PBXTargetDependency */ = {
			isa = PBXTargetDependency;
			target = 20C588DA2C4A6A8400CF0748 /* KickBox App */;
			targetProxy = 20C588EC2C4A6A8500CF0748 /* PBXContainerItemProxy */;
		};
		20C588F72C4A6A8600CF0748 /* PBXTargetDependency */ = {
			isa = PBXTargetDependency;
			target = 20C588DA2C4A6A8400CF0748 /* KickBox App */;
			targetProxy = 20C588F62C4A6A8600CF0748 /* PBXContainerItemProxy */;
		};
/* End PBXTargetDependency section */

/* Begin XCBuildConfiguration section */
		20C588FD2C4A6A8600CF0748 /* Debug */ = {
			isa = XCBuildConfiguration;
			buildSettings = {
				ALWAYS_SEARCH_USER_PATHS = NO;
				ASSETCATALOG_COMPILER_GENERATE_SWIFT_ASSET_SYMBOL_EXTENSIONS = YES;
				CLANG_ANALYZER_NONNULL = YES;
				CLANG_ANALYZER_NUMBER_OBJECT_CONVERSION = YES_AGGRESSIVE;
				CLANG_CXX_LANGUAGE_STANDARD = "gnu++20";
				CLANG_ENABLE_MODULES = YES;
				CLANG_ENABLE_OBJC_ARC = YES;
				CLANG_ENABLE_OBJC_WEAK = YES;
				CLANG_WARN_BLOCK_CAPTURE_AUTORELEASING = YES;
				CLANG_WARN_BOOL_CONVERSION = YES;
				CLANG_WARN_COMMA = YES;
				CLANG_WARN_CONSTANT_CONVERSION = YES;
				CLANG_WARN_DEPRECATED_OBJC_IMPLEMENTATIONS = YES;
				CLANG_WARN_DIRECT_OBJC_ISA_USAGE = YES_ERROR;
				CLANG_WARN_DOCUMENTATION_COMMENTS = YES;
				CLANG_WARN_EMPTY_BODY = YES;
				CLANG_WARN_ENUM_CONVERSION = YES;
				CLANG_WARN_INFINITE_RECURSION = YES;
				CLANG_WARN_INT_CONVERSION = YES;
				CLANG_WARN_NON_LITERAL_NULL_CONVERSION = YES;
				CLANG_WARN_OBJC_IMPLICIT_RETAIN_SELF = YES;
				CLANG_WARN_OBJC_LITERAL_CONVERSION = YES;
				CLANG_WARN_OBJC_ROOT_CLASS = YES_ERROR;
				CLANG_WARN_QUOTED_INCLUDE_IN_FRAMEWORK_HEADER = YES;
				CLANG_WARN_RANGE_LOOP_ANALYSIS = YES;
				CLANG_WARN_STRICT_PROTOTYPES = YES;
				CLANG_WARN_SUSPICIOUS_MOVE = YES;
				CLANG_WARN_UNGUARDED_AVAILABILITY = YES_AGGRESSIVE;
				CLANG_WARN_UNREACHABLE_CODE = YES;
				CLANG_WARN__DUPLICATE_METHOD_MATCH = YES;
				COPY_PHASE_STRIP = NO;
				DEBUG_INFORMATION_FORMAT = dwarf;
				ENABLE_STRICT_OBJC_MSGSEND = YES;
				ENABLE_TESTABILITY = YES;
				ENABLE_USER_SCRIPT_SANDBOXING = YES;
				GCC_C_LANGUAGE_STANDARD = gnu17;
				GCC_DYNAMIC_NO_PIC = NO;
				GCC_NO_COMMON_BLOCKS = YES;
				GCC_OPTIMIZATION_LEVEL = 0;
				GCC_PREPROCESSOR_DEFINITIONS = (
					"DEBUG=1",
					"$(inherited)",
				);
				GCC_WARN_64_TO_32_BIT_CONVERSION = YES;
				GCC_WARN_ABOUT_RETURN_TYPE = YES_ERROR;
				GCC_WARN_UNDECLARED_SELECTOR = YES;
				GCC_WARN_UNINITIALIZED_AUTOS = YES_AGGRESSIVE;
				GCC_WARN_UNUSED_FUNCTION = YES;
				GCC_WARN_UNUSED_VARIABLE = YES;
				IPHONEOS_DEPLOYMENT_TARGET = 17.4;
				LOCALIZATION_PREFERS_STRING_CATALOGS = YES;
				MTL_ENABLE_DEBUG_INFO = INCLUDE_SOURCE;
				MTL_FAST_MATH = YES;
				ONLY_ACTIVE_ARCH = YES;
				SDKROOT = iphoneos;
				SWIFT_ACTIVE_COMPILATION_CONDITIONS = "DEBUG $(inherited)";
				SWIFT_OPTIMIZATION_LEVEL = "-Onone";
			};
			name = Debug;
		};
		20C588FE2C4A6A8600CF0748 /* Release */ = {
			isa = XCBuildConfiguration;
			buildSettings = {
				ALWAYS_SEARCH_USER_PATHS = NO;
				ASSETCATALOG_COMPILER_GENERATE_SWIFT_ASSET_SYMBOL_EXTENSIONS = YES;
				CLANG_ANALYZER_NONNULL = YES;
				CLANG_ANALYZER_NUMBER_OBJECT_CONVERSION = YES_AGGRESSIVE;
				CLANG_CXX_LANGUAGE_STANDARD = "gnu++20";
				CLANG_ENABLE_MODULES = YES;
				CLANG_ENABLE_OBJC_ARC = YES;
				CLANG_ENABLE_OBJC_WEAK = YES;
				CLANG_WARN_BLOCK_CAPTURE_AUTORELEASING = YES;
				CLANG_WARN_BOOL_CONVERSION = YES;
				CLANG_WARN_COMMA = YES;
				CLANG_WARN_CONSTANT_CONVERSION = YES;
				CLANG_WARN_DEPRECATED_OBJC_IMPLEMENTATIONS = YES;
				CLANG_WARN_DIRECT_OBJC_ISA_USAGE = YES_ERROR;
				CLANG_WARN_DOCUMENTATION_COMMENTS = YES;
				CLANG_WARN_EMPTY_BODY = YES;
				CLANG_WARN_ENUM_CONVERSION = YES;
				CLANG_WARN_INFINITE_RECURSION = YES;
				CLANG_WARN_INT_CONVERSION = YES;
				CLANG_WARN_NON_LITERAL_NULL_CONVERSION = YES;
				CLANG_WARN_OBJC_IMPLICIT_RETAIN_SELF = YES;
				CLANG_WARN_OBJC_LITERAL_CONVERSION = YES;
				CLANG_WARN_OBJC_ROOT_CLASS = YES_ERROR;
				CLANG_WARN_QUOTED_INCLUDE_IN_FRAMEWORK_HEADER = YES;
				CLANG_WARN_RANGE_LOOP_ANALYSIS = YES;
				CLANG_WARN_STRICT_PROTOTYPES = YES;
				CLANG_WARN_SUSPICIOUS_MOVE = YES;
				CLANG_WARN_UNGUARDED_AVAILABILITY = YES_AGGRESSIVE;
				CLANG_WARN_UNREACHABLE_CODE = YES;
				CLANG_WARN__DUPLICATE_METHOD_MATCH = YES;
				COPY_PHASE_STRIP = NO;
				DEBUG_INFORMATION_FORMAT = "dwarf-with-dsym";
				ENABLE_NS_ASSERTIONS = NO;
				ENABLE_STRICT_OBJC_MSGSEND = YES;
				ENABLE_USER_SCRIPT_SANDBOXING = YES;
				GCC_C_LANGUAGE_STANDARD = gnu17;
				GCC_NO_COMMON_BLOCKS = YES;
				GCC_WARN_64_TO_32_BIT_CONVERSION = YES;
				GCC_WARN_ABOUT_RETURN_TYPE = YES_ERROR;
				GCC_WARN_UNDECLARED_SELECTOR = YES;
				GCC_WARN_UNINITIALIZED_AUTOS = YES_AGGRESSIVE;
				GCC_WARN_UNUSED_FUNCTION = YES;
				GCC_WARN_UNUSED_VARIABLE = YES;
				IPHONEOS_DEPLOYMENT_TARGET = 17.4;
				LOCALIZATION_PREFERS_STRING_CATALOGS = YES;
				MTL_ENABLE_DEBUG_INFO = NO;
				MTL_FAST_MATH = YES;
				SDKROOT = iphoneos;
				SWIFT_COMPILATION_MODE = wholemodule;
				VALIDATE_PRODUCT = YES;
			};
			name = Release;
		};
		20C589002C4A6A8600CF0748 /* Debug */ = {
			isa = XCBuildConfiguration;
			buildSettings = {
				ASSETCATALOG_COMPILER_APPICON_NAME = AppIcon;
				ASSETCATALOG_COMPILER_GLOBAL_ACCENT_COLOR_NAME = AccentColor;
				CLANG_ENABLE_MODULES = YES;
				CODE_SIGN_STYLE = Automatic;
				CURRENT_PROJECT_VERSION = 1;
				DEVELOPMENT_ASSET_PATHS = "\"KickBox App/Preview Content\"";
				ENABLE_PREVIEWS = YES;
				GENERATE_INFOPLIST_FILE = YES;
				INFOPLIST_KEY_UIApplicationSceneManifest_Generation = YES;
				INFOPLIST_KEY_UIApplicationSupportsIndirectInputEvents = YES;
				INFOPLIST_KEY_UILaunchScreen_Generation = YES;
				INFOPLIST_KEY_UISupportedInterfaceOrientations_iPad = "UIInterfaceOrientationPortrait UIInterfaceOrientationPortraitUpsideDown UIInterfaceOrientationLandscapeLeft UIInterfaceOrientationLandscapeRight";
				INFOPLIST_KEY_UISupportedInterfaceOrientations_iPhone = "UIInterfaceOrientationPortrait UIInterfaceOrientationLandscapeLeft UIInterfaceOrientationLandscapeRight";
				LD_RUNPATH_SEARCH_PATHS = (
					"$(inherited)",
					"@executable_path/Frameworks",
				);
				MARKETING_VERSION = 1.0;
				PRODUCT_BUNDLE_IDENTIFIER = "knln.KickBox-App";
				PRODUCT_NAME = "$(TARGET_NAME)";
				SWIFT_EMIT_LOC_STRINGS = YES;
				SWIFT_OPTIMIZATION_LEVEL = "-Onone";
				SWIFT_VERSION = 5.0;
				TARGETED_DEVICE_FAMILY = "1,2";
			};
			name = Debug;
		};
		20C589012C4A6A8600CF0748 /* Release */ = {
			isa = XCBuildConfiguration;
			buildSettings = {
				ASSETCATALOG_COMPILER_APPICON_NAME = AppIcon;
				ASSETCATALOG_COMPILER_GLOBAL_ACCENT_COLOR_NAME = AccentColor;
				CLANG_ENABLE_MODULES = YES;
				CODE_SIGN_STYLE = Automatic;
				CURRENT_PROJECT_VERSION = 1;
				DEVELOPMENT_ASSET_PATHS = "\"KickBox App/Preview Content\"";
				ENABLE_PREVIEWS = YES;
				GENERATE_INFOPLIST_FILE = YES;
				INFOPLIST_KEY_UIApplicationSceneManifest_Generation = YES;
				INFOPLIST_KEY_UIApplicationSupportsIndirectInputEvents = YES;
				INFOPLIST_KEY_UILaunchScreen_Generation = YES;
				INFOPLIST_KEY_UISupportedInterfaceOrientations_iPad = "UIInterfaceOrientationPortrait UIInterfaceOrientationPortraitUpsideDown UIInterfaceOrientationLandscapeLeft UIInterfaceOrientationLandscapeRight";
				INFOPLIST_KEY_UISupportedInterfaceOrientations_iPhone = "UIInterfaceOrientationPortrait UIInterfaceOrientationLandscapeLeft UIInterfaceOrientationLandscapeRight";
				LD_RUNPATH_SEARCH_PATHS = (
					"$(inherited)",
					"@executable_path/Frameworks",
				);
				MARKETING_VERSION = 1.0;
				PRODUCT_BUNDLE_IDENTIFIER = "knln.KickBox-App";
				PRODUCT_NAME = "$(TARGET_NAME)";
				SWIFT_EMIT_LOC_STRINGS = YES;
				SWIFT_VERSION = 5.0;
				TARGETED_DEVICE_FAMILY = "1,2";
			};
			name = Release;
		};
		20C589032C4A6A8600CF0748 /* Debug */ = {
			isa = XCBuildConfiguration;
			buildSettings = {
				ALWAYS_EMBED_SWIFT_STANDARD_LIBRARIES = YES;
				BUNDLE_LOADER = "$(TEST_HOST)";
				CODE_SIGN_STYLE = Automatic;
				CURRENT_PROJECT_VERSION = 1;
				GENERATE_INFOPLIST_FILE = YES;
				IPHONEOS_DEPLOYMENT_TARGET = 17.4;
				MARKETING_VERSION = 1.0;
				PRODUCT_BUNDLE_IDENTIFIER = "knln.KickBox-AppTests";
				PRODUCT_NAME = "$(TARGET_NAME)";
				SWIFT_EMIT_LOC_STRINGS = NO;
				SWIFT_VERSION = 5.0;
				TARGETED_DEVICE_FAMILY = "1,2";
				TEST_HOST = "$(BUILT_PRODUCTS_DIR)/KickBox App.app/$(BUNDLE_EXECUTABLE_FOLDER_PATH)/KickBox App";
			};
			name = Debug;
		};
		20C589042C4A6A8600CF0748 /* Release */ = {
			isa = XCBuildConfiguration;
			buildSettings = {
				ALWAYS_EMBED_SWIFT_STANDARD_LIBRARIES = YES;
				BUNDLE_LOADER = "$(TEST_HOST)";
				CODE_SIGN_STYLE = Automatic;
				CURRENT_PROJECT_VERSION = 1;
				GENERATE_INFOPLIST_FILE = YES;
				IPHONEOS_DEPLOYMENT_TARGET = 17.4;
				MARKETING_VERSION = 1.0;
				PRODUCT_BUNDLE_IDENTIFIER = "knln.KickBox-AppTests";
				PRODUCT_NAME = "$(TARGET_NAME)";
				SWIFT_EMIT_LOC_STRINGS = NO;
				SWIFT_VERSION = 5.0;
				TARGETED_DEVICE_FAMILY = "1,2";
				TEST_HOST = "$(BUILT_PRODUCTS_DIR)/KickBox App.app/$(BUNDLE_EXECUTABLE_FOLDER_PATH)/KickBox App";
			};
			name = Release;
		};
		20C589062C4A6A8600CF0748 /* Debug */ = {
			isa = XCBuildConfiguration;
			buildSettings = {
				ALWAYS_EMBED_SWIFT_STANDARD_LIBRARIES = YES;
				CODE_SIGN_STYLE = Automatic;
				CURRENT_PROJECT_VERSION = 1;
				GENERATE_INFOPLIST_FILE = YES;
				MARKETING_VERSION = 1.0;
				PRODUCT_BUNDLE_IDENTIFIER = "knln.KickBox-AppUITests";
				PRODUCT_NAME = "$(TARGET_NAME)";
				SWIFT_EMIT_LOC_STRINGS = NO;
				SWIFT_VERSION = 5.0;
				TARGETED_DEVICE_FAMILY = "1,2";
				TEST_TARGET_NAME = "KickBox App";
			};
			name = Debug;
		};
		20C589072C4A6A8600CF0748 /* Release */ = {
			isa = XCBuildConfiguration;
			buildSettings = {
				ALWAYS_EMBED_SWIFT_STANDARD_LIBRARIES = YES;
				CODE_SIGN_STYLE = Automatic;
				CURRENT_PROJECT_VERSION = 1;
				GENERATE_INFOPLIST_FILE = YES;
				MARKETING_VERSION = 1.0;
				PRODUCT_BUNDLE_IDENTIFIER = "knln.KickBox-AppUITests";
				PRODUCT_NAME = "$(TARGET_NAME)";
				SWIFT_EMIT_LOC_STRINGS = NO;
				SWIFT_VERSION = 5.0;
				TARGETED_DEVICE_FAMILY = "1,2";
				TEST_TARGET_NAME = "KickBox App";
			};
			name = Release;
		};
/* End XCBuildConfiguration section */

/* Begin XCConfigurationList section */
		20C588D62C4A6A8400CF0748 /* Build configuration list for PBXProject "KickBox App" */ = {
			isa = XCConfigurationList;
			buildConfigurations = (
				20C588FD2C4A6A8600CF0748 /* Debug */,
				20C588FE2C4A6A8600CF0748 /* Release */,
			);
			defaultConfigurationIsVisible = 0;
			defaultConfigurationName = Release;
		};
		20C588FF2C4A6A8600CF0748 /* Build configuration list for PBXNativeTarget "KickBox App" */ = {
			isa = XCConfigurationList;
			buildConfigurations = (
				20C589002C4A6A8600CF0748 /* Debug */,
				20C589012C4A6A8600CF0748 /* Release */,
			);
			defaultConfigurationIsVisible = 0;
			defaultConfigurationName = Release;
		};
		20C589022C4A6A8600CF0748 /* Build configuration list for PBXNativeTarget "KickBox AppTests" */ = {
			isa = XCConfigurationList;
			buildConfigurations = (
				20C589032C4A6A8600CF0748 /* Debug */,
				20C589042C4A6A8600CF0748 /* Release */,
			);
			defaultConfigurationIsVisible = 0;
			defaultConfigurationName = Release;
		};
		20C589052C4A6A8600CF0748 /* Build configuration list for PBXNativeTarget "KickBox AppUITests" */ = {
			isa = XCConfigurationList;
			buildConfigurations = (
				20C589062C4A6A8600CF0748 /* Debug */,
				20C589072C4A6A8600CF0748 /* Release */,
			);
			defaultConfigurationIsVisible = 0;
			defaultConfigurationName = Release;
		};
/* End XCConfigurationList section */
	};
	rootObject = 20C588D32C4A6A8400CF0748 /* Project object */;
}
